// !$*UTF8*$!
{
	archiveVersion = 1;
	classes = {
	};
	objectVersion = 56;
	objects = {

/* Begin PBXBuildFile section */
		DB092B0B2CD1674A0024AC99 /* DummyViewController.swift in Sources */ = {isa = PBXBuildFile; fileRef = DB092B0A2CD1674A0024AC99 /* DummyViewController.swift */; };
		DB523C002CD2681500583995 /* LocalState.swift in Sources */ = {isa = PBXBuildFile; fileRef = DB523BFF2CD2680F00583995 /* LocalState.swift */; };
		DB523C022CD2B8BA00583995 /* UIViewController+Utils.swift in Sources */ = {isa = PBXBuildFile; fileRef = DB523C012CD2B8BA00583995 /* UIViewController+Utils.swift */; };
		DB523C042CD2BC8B00583995 /* MainViewController.swift in Sources */ = {isa = PBXBuildFile; fileRef = DB523C032CD2BC8B00583995 /* MainViewController.swift */; };
		DB5B15D52C9223C800E5347A /* AppDelegate.swift in Sources */ = {isa = PBXBuildFile; fileRef = DB5B15D42C9223C800E5347A /* AppDelegate.swift */; };
		DB5B15D92C9223C800E5347A /* LoginViewController.swift in Sources */ = {isa = PBXBuildFile; fileRef = DB5B15D82C9223C800E5347A /* LoginViewController.swift */; };
		DB5B15DE2C9223CA00E5347A /* Assets.xcassets in Resources */ = {isa = PBXBuildFile; fileRef = DB5B15DD2C9223CA00E5347A /* Assets.xcassets */; };
		DB5B15E12C9223CA00E5347A /* Base in Resources */ = {isa = PBXBuildFile; fileRef = DB5B15E02C9223CA00E5347A /* Base */; };
		DB8365932CCFDAD20066390F /* OnboardingContainerViewController.swift in Sources */ = {isa = PBXBuildFile; fileRef = DB8365922CCFDAD20066390F /* OnboardingContainerViewController.swift */; };
		DB8365952CD006DF0066390F /* OnboardingViewController.swift in Sources */ = {isa = PBXBuildFile; fileRef = DB8365942CD006DF0066390F /* OnboardingViewController.swift */; };
		DB85B7932C94EDBD000BA39F /* LoginView.swift in Sources */ = {isa = PBXBuildFile; fileRef = DB85B7922C94EDBD000BA39F /* LoginView.swift */; };
/* End PBXBuildFile section */

/* Begin PBXFileReference section */
		DB092B0A2CD1674A0024AC99 /* DummyViewController.swift */ = {isa = PBXFileReference; lastKnownFileType = sourcecode.swift; path = DummyViewController.swift; sourceTree = "<group>"; };
		DB523BFF2CD2680F00583995 /* LocalState.swift */ = {isa = PBXFileReference; lastKnownFileType = sourcecode.swift; path = LocalState.swift; sourceTree = "<group>"; };
		DB523C012CD2B8BA00583995 /* UIViewController+Utils.swift */ = {isa = PBXFileReference; lastKnownFileType = sourcecode.swift; path = "UIViewController+Utils.swift"; sourceTree = "<group>"; };
		DB523C032CD2BC8B00583995 /* MainViewController.swift */ = {isa = PBXFileReference; lastKnownFileType = sourcecode.swift; path = MainViewController.swift; sourceTree = "<group>"; };
		DB5B15D12C9223C800E5347A /* Bankey.app */ = {isa = PBXFileReference; explicitFileType = wrapper.application; includeInIndex = 0; path = Bankey.app; sourceTree = BUILT_PRODUCTS_DIR; };
		DB5B15D42C9223C800E5347A /* AppDelegate.swift */ = {isa = PBXFileReference; lastKnownFileType = sourcecode.swift; path = AppDelegate.swift; sourceTree = "<group>"; };
		DB5B15D82C9223C800E5347A /* LoginViewController.swift */ = {isa = PBXFileReference; lastKnownFileType = sourcecode.swift; path = LoginViewController.swift; sourceTree = "<group>"; };
		DB5B15DD2C9223CA00E5347A /* Assets.xcassets */ = {isa = PBXFileReference; lastKnownFileType = folder.assetcatalog; path = Assets.xcassets; sourceTree = "<group>"; };
		DB5B15E02C9223CA00E5347A /* Base */ = {isa = PBXFileReference; lastKnownFileType = file.storyboard; name = Base; path = Base.lproj/LaunchScreen.storyboard; sourceTree = "<group>"; };
		DB5B15E22C9223CA00E5347A /* Info.plist */ = {isa = PBXFileReference; lastKnownFileType = text.plist.xml; path = Info.plist; sourceTree = "<group>"; };
		DB8365922CCFDAD20066390F /* OnboardingContainerViewController.swift */ = {isa = PBXFileReference; lastKnownFileType = sourcecode.swift; path = OnboardingContainerViewController.swift; sourceTree = "<group>"; };
		DB8365942CD006DF0066390F /* OnboardingViewController.swift */ = {isa = PBXFileReference; lastKnownFileType = sourcecode.swift; path = OnboardingViewController.swift; sourceTree = "<group>"; };
		DB85B7922C94EDBD000BA39F /* LoginView.swift */ = {isa = PBXFileReference; lastKnownFileType = sourcecode.swift; path = LoginView.swift; sourceTree = "<group>"; };
/* End PBXFileReference section */

/* Begin PBXFrameworksBuildPhase section */
		DB5B15CE2C9223C800E5347A /* Frameworks */ = {
			isa = PBXFrameworksBuildPhase;
			buildActionMask = 2147483647;
			files = (
			);
			runOnlyForDeploymentPostprocessing = 0;
		};
/* End PBXFrameworksBuildPhase section */

/* Begin PBXGroup section */
		DB523BFE2CD2680700583995 /* Utils */ = {
			isa = PBXGroup;
			children = (
				DB523BFF2CD2680F00583995 /* LocalState.swift */,
				DB523C012CD2B8BA00583995 /* UIViewController+Utils.swift */,
			);
			path = Utils;
			sourceTree = "<group>";
		};
		DB5B15C82C9223C800E5347A = {
			isa = PBXGroup;
			children = (
				DB5B15D32C9223C800E5347A /* Bankey */,
				DB5B15D22C9223C800E5347A /* Products */,
			);
			sourceTree = "<group>";
		};
		DB5B15D22C9223C800E5347A /* Products */ = {
			isa = PBXGroup;
			children = (
				DB5B15D12C9223C800E5347A /* Bankey.app */,
			);
			name = Products;
			sourceTree = "<group>";
		};
		DB5B15D32C9223C800E5347A /* Bankey */ = {
			isa = PBXGroup;
			children = (
				DB5B15D42C9223C800E5347A /* AppDelegate.swift */,
				DB85B7912C94ED63000BA39F /* Login */,
				DB8365912CCFDA830066390F /* Onboarding */,
				DB523BFE2CD2680700583995 /* Utils */,
				DB85B7902C94EBBD000BA39F /* Files */,
				DB523C032CD2BC8B00583995 /* MainViewController.swift */,
			);
			path = Bankey;
			sourceTree = "<group>";
		};
		DB8365912CCFDA830066390F /* Onboarding */ = {
			isa = PBXGroup;
			children = (
				DB8365922CCFDAD20066390F /* OnboardingContainerViewController.swift */,
				DB8365942CD006DF0066390F /* OnboardingViewController.swift */,
			);
			path = Onboarding;
			sourceTree = "<group>";
		};
		DB85B7902C94EBBD000BA39F /* Files */ = {
			isa = PBXGroup;
			children = (
				DB5B15DD2C9223CA00E5347A /* Assets.xcassets */,
				DB5B15DF2C9223CA00E5347A /* LaunchScreen.storyboard */,
				DB5B15E22C9223CA00E5347A /* Info.plist */,
			);
			path = Files;
			sourceTree = "<group>";
		};
		DB85B7912C94ED63000BA39F /* Login */ = {
			isa = PBXGroup;
			children = (
				DB85B7922C94EDBD000BA39F /* LoginView.swift */,
				DB5B15D82C9223C800E5347A /* LoginViewController.swift */,
				DB092B0A2CD1674A0024AC99 /* DummyViewController.swift */,
			);
			path = Login;
			sourceTree = "<group>";
		};
/* End PBXGroup section */

/* Begin PBXNativeTarget section */
		DB5B15D02C9223C800E5347A /* Bankey */ = {
			isa = PBXNativeTarget;
			buildConfigurationList = DB5B15E52C9223CA00E5347A /* Build configuration list for PBXNativeTarget "Bankey" */;
			buildPhases = (
				DB5B15CD2C9223C800E5347A /* Sources */,
				DB5B15CE2C9223C800E5347A /* Frameworks */,
				DB5B15CF2C9223C800E5347A /* Resources */,
			);
			buildRules = (
			);
			dependencies = (
			);
			name = Bankey;
			productName = Bankey;
			productReference = DB5B15D12C9223C800E5347A /* Bankey.app */;
			productType = "com.apple.product-type.application";
		};
/* End PBXNativeTarget section */

/* Begin PBXProject section */
		DB5B15C92C9223C800E5347A /* Project object */ = {
			isa = PBXProject;
			attributes = {
				BuildIndependentTargetsInParallel = 1;
				LastSwiftUpdateCheck = 1540;
				LastUpgradeCheck = 1540;
				TargetAttributes = {
					DB5B15D02C9223C800E5347A = {
						CreatedOnToolsVersion = 15.4;
					};
				};
			};
			buildConfigurationList = DB5B15CC2C9223C800E5347A /* Build configuration list for PBXProject "Bankey" */;
			compatibilityVersion = "Xcode 14.0";
			developmentRegion = en;
			hasScannedForEncodings = 0;
			knownRegions = (
				en,
				Base,
			);
			mainGroup = DB5B15C82C9223C800E5347A;
			productRefGroup = DB5B15D22C9223C800E5347A /* Products */;
			projectDirPath = "";
			projectRoot = "";
			targets = (
				DB5B15D02C9223C800E5347A /* Bankey */,
			);
		};
/* End PBXProject section */

/* Begin PBXResourcesBuildPhase section */
		DB5B15CF2C9223C800E5347A /* Resources */ = {
			isa = PBXResourcesBuildPhase;
			buildActionMask = 2147483647;
			files = (
				DB5B15DE2C9223CA00E5347A /* Assets.xcassets in Resources */,
				DB5B15E12C9223CA00E5347A /* Base in Resources */,
			);
			runOnlyForDeploymentPostprocessing = 0;
		};
/* End PBXResourcesBuildPhase section */

/* Begin PBXSourcesBuildPhase section */
		DB5B15CD2C9223C800E5347A /* Sources */ = {
			isa = PBXSourcesBuildPhase;
			buildActionMask = 2147483647;
			files = (
				DB523C022CD2B8BA00583995 /* UIViewController+Utils.swift in Sources */,
				DB85B7932C94EDBD000BA39F /* LoginView.swift in Sources */,
				DB523C002CD2681500583995 /* LocalState.swift in Sources */,
				DB092B0B2CD1674A0024AC99 /* DummyViewController.swift in Sources */,
				DB5B15D92C9223C800E5347A /* LoginViewController.swift in Sources */,
				DB8365952CD006DF0066390F /* OnboardingViewController.swift in Sources */,
				DB523C042CD2BC8B00583995 /* MainViewController.swift in Sources */,
				DB5B15D52C9223C800E5347A /* AppDelegate.swift in Sources */,
				DB8365932CCFDAD20066390F /* OnboardingContainerViewController.swift in Sources */,
			);
			runOnlyForDeploymentPostprocessing = 0;
		};
/* End PBXSourcesBuildPhase section */

/* Begin PBXVariantGroup section */
		DB5B15DF2C9223CA00E5347A /* LaunchScreen.storyboard */ = {
			isa = PBXVariantGroup;
			children = (
				DB5B15E02C9223CA00E5347A /* Base */,
			);
			name = LaunchScreen.storyboard;
			sourceTree = "<group>";
		};
/* End PBXVariantGroup section */

/* Begin XCBuildConfiguration section */
		DB5B15E32C9223CA00E5347A /* Debug */ = {
			isa = XCBuildConfiguration;
			buildSettings = {
				ALWAYS_SEARCH_USER_PATHS = NO;
				ASSETCATALOG_COMPILER_GENERATE_SWIFT_ASSET_SYMBOL_EXTENSIONS = YES;
				CLANG_ANALYZER_NONNULL = YES;
				CLANG_ANALYZER_NUMBER_OBJECT_CONVERSION = YES_AGGRESSIVE;
				CLANG_CXX_LANGUAGE_STANDARD = "gnu++20";
				CLANG_ENABLE_MODULES = YES;
				CLANG_ENABLE_OBJC_ARC = YES;
				CLANG_ENABLE_OBJC_WEAK = YES;
				CLANG_WARN_BLOCK_CAPTURE_AUTORELEASING = YES;
				CLANG_WARN_BOOL_CONVERSION = YES;
				CLANG_WARN_COMMA = YES;
				CLANG_WARN_CONSTANT_CONVERSION = YES;
				CLANG_WARN_DEPRECATED_OBJC_IMPLEMENTATIONS = YES;
				CLANG_WARN_DIRECT_OBJC_ISA_USAGE = YES_ERROR;
				CLANG_WARN_DOCUMENTATION_COMMENTS = YES;
				CLANG_WARN_EMPTY_BODY = YES;
				CLANG_WARN_ENUM_CONVERSION = YES;
				CLANG_WARN_INFINITE_RECURSION = YES;
				CLANG_WARN_INT_CONVERSION = YES;
				CLANG_WARN_NON_LITERAL_NULL_CONVERSION = YES;
				CLANG_WARN_OBJC_IMPLICIT_RETAIN_SELF = YES;
				CLANG_WARN_OBJC_LITERAL_CONVERSION = YES;
				CLANG_WARN_OBJC_ROOT_CLASS = YES_ERROR;
				CLANG_WARN_QUOTED_INCLUDE_IN_FRAMEWORK_HEADER = YES;
				CLANG_WARN_RANGE_LOOP_ANALYSIS = YES;
				CLANG_WARN_STRICT_PROTOTYPES = YES;
				CLANG_WARN_SUSPICIOUS_MOVE = YES;
				CLANG_WARN_UNGUARDED_AVAILABILITY = YES_AGGRESSIVE;
				CLANG_WARN_UNREACHABLE_CODE = YES;
				CLANG_WARN__DUPLICATE_METHOD_MATCH = YES;
				COPY_PHASE_STRIP = NO;
				DEBUG_INFORMATION_FORMAT = dwarf;
				ENABLE_STRICT_OBJC_MSGSEND = YES;
				ENABLE_TESTABILITY = YES;
				ENABLE_USER_SCRIPT_SANDBOXING = YES;
				GCC_C_LANGUAGE_STANDARD = gnu17;
				GCC_DYNAMIC_NO_PIC = NO;
				GCC_NO_COMMON_BLOCKS = YES;
				GCC_OPTIMIZATION_LEVEL = 0;
				GCC_PREPROCESSOR_DEFINITIONS = (
					"DEBUG=1",
					"$(inherited)",
				);
				GCC_WARN_64_TO_32_BIT_CONVERSION = YES;
				GCC_WARN_ABOUT_RETURN_TYPE = YES_ERROR;
				GCC_WARN_UNDECLARED_SELECTOR = YES;
				GCC_WARN_UNINITIALIZED_AUTOS = YES_AGGRESSIVE;
				GCC_WARN_UNUSED_FUNCTION = YES;
				GCC_WARN_UNUSED_VARIABLE = YES;
				IPHONEOS_DEPLOYMENT_TARGET = 17.5;
				LOCALIZATION_PREFERS_STRING_CATALOGS = YES;
				MTL_ENABLE_DEBUG_INFO = INCLUDE_SOURCE;
				MTL_FAST_MATH = YES;
				ONLY_ACTIVE_ARCH = YES;
				SDKROOT = iphoneos;
				SWIFT_ACTIVE_COMPILATION_CONDITIONS = "DEBUG $(inherited)";
				SWIFT_OPTIMIZATION_LEVEL = "-Onone";
			};
			name = Debug;
		};
		DB5B15E42C9223CA00E5347A /* Release */ = {
			isa = XCBuildConfiguration;
			buildSettings = {
				ALWAYS_SEARCH_USER_PATHS = NO;
				ASSETCATALOG_COMPILER_GENERATE_SWIFT_ASSET_SYMBOL_EXTENSIONS = YES;
				CLANG_ANALYZER_NONNULL = YES;
				CLANG_ANALYZER_NUMBER_OBJECT_CONVERSION = YES_AGGRESSIVE;
				CLANG_CXX_LANGUAGE_STANDARD = "gnu++20";
				CLANG_ENABLE_MODULES = YES;
				CLANG_ENABLE_OBJC_ARC = YES;
				CLANG_ENABLE_OBJC_WEAK = YES;
				CLANG_WARN_BLOCK_CAPTURE_AUTORELEASING = YES;
				CLANG_WARN_BOOL_CONVERSION = YES;
				CLANG_WARN_COMMA = YES;
				CLANG_WARN_CONSTANT_CONVERSION = YES;
				CLANG_WARN_DEPRECATED_OBJC_IMPLEMENTATIONS = YES;
				CLANG_WARN_DIRECT_OBJC_ISA_USAGE = YES_ERROR;
				CLANG_WARN_DOCUMENTATION_COMMENTS = YES;
				CLANG_WARN_EMPTY_BODY = YES;
				CLANG_WARN_ENUM_CONVERSION = YES;
				CLANG_WARN_INFINITE_RECURSION = YES;
				CLANG_WARN_INT_CONVERSION = YES;
				CLANG_WARN_NON_LITERAL_NULL_CONVERSION = YES;
				CLANG_WARN_OBJC_IMPLICIT_RETAIN_SELF = YES;
				CLANG_WARN_OBJC_LITERAL_CONVERSION = YES;
				CLANG_WARN_OBJC_ROOT_CLASS = YES_ERROR;
				CLANG_WARN_QUOTED_INCLUDE_IN_FRAMEWORK_HEADER = YES;
				CLANG_WARN_RANGE_LOOP_ANALYSIS = YES;
				CLANG_WARN_STRICT_PROTOTYPES = YES;
				CLANG_WARN_SUSPICIOUS_MOVE = YES;
				CLANG_WARN_UNGUARDED_AVAILABILITY = YES_AGGRESSIVE;
				CLANG_WARN_UNREACHABLE_CODE = YES;
				CLANG_WARN__DUPLICATE_METHOD_MATCH = YES;
				COPY_PHASE_STRIP = NO;
				DEBUG_INFORMATION_FORMAT = "dwarf-with-dsym";
				ENABLE_NS_ASSERTIONS = NO;
				ENABLE_STRICT_OBJC_MSGSEND = YES;
				ENABLE_USER_SCRIPT_SANDBOXING = YES;
				GCC_C_LANGUAGE_STANDARD = gnu17;
				GCC_NO_COMMON_BLOCKS = YES;
				GCC_WARN_64_TO_32_BIT_CONVERSION = YES;
				GCC_WARN_ABOUT_RETURN_TYPE = YES_ERROR;
				GCC_WARN_UNDECLARED_SELECTOR = YES;
				GCC_WARN_UNINITIALIZED_AUTOS = YES_AGGRESSIVE;
				GCC_WARN_UNUSED_FUNCTION = YES;
				GCC_WARN_UNUSED_VARIABLE = YES;
				IPHONEOS_DEPLOYMENT_TARGET = 17.5;
				LOCALIZATION_PREFERS_STRING_CATALOGS = YES;
				MTL_ENABLE_DEBUG_INFO = NO;
				MTL_FAST_MATH = YES;
				SDKROOT = iphoneos;
				SWIFT_COMPILATION_MODE = wholemodule;
				VALIDATE_PRODUCT = YES;
			};
			name = Release;
		};
		DB5B15E62C9223CA00E5347A /* Debug */ = {
			isa = XCBuildConfiguration;
			buildSettings = {
				ASSETCATALOG_COMPILER_APPICON_NAME = AppIcon;
				ASSETCATALOG_COMPILER_GLOBAL_ACCENT_COLOR_NAME = AccentColor;
				CODE_SIGN_STYLE = Automatic;
				CURRENT_PROJECT_VERSION = 1;
				GENERATE_INFOPLIST_FILE = YES;
				INFOPLIST_FILE = Bankey/Files/Info.plist;
				INFOPLIST_KEY_UIApplicationSupportsIndirectInputEvents = YES;
				INFOPLIST_KEY_UILaunchStoryboardName = LaunchScreen;
				INFOPLIST_KEY_UISupportedInterfaceOrientations_iPad = "UIInterfaceOrientationPortrait UIInterfaceOrientationPortraitUpsideDown UIInterfaceOrientationLandscapeLeft UIInterfaceOrientationLandscapeRight";
				INFOPLIST_KEY_UISupportedInterfaceOrientations_iPhone = "UIInterfaceOrientationPortrait UIInterfaceOrientationLandscapeLeft UIInterfaceOrientationLandscapeRight";
				LD_RUNPATH_SEARCH_PATHS = (
					"$(inherited)",
					"@executable_path/Frameworks",
				);
				MARKETING_VERSION = 1.0;
				PRODUCT_BUNDLE_IDENTIFIER = com.SiemensEnergy.Bankey;
				PRODUCT_NAME = "$(TARGET_NAME)";
				SWIFT_EMIT_LOC_STRINGS = YES;
				SWIFT_VERSION = 5.0;
				TARGETED_DEVICE_FAMILY = "1,2";
			};
			name = Debug;
		};
		DB5B15E72C9223CA00E5347A /* Release */ = {
			isa = XCBuildConfiguration;
			buildSettings = {
				ASSETCATALOG_COMPILER_APPICON_NAME = AppIcon;
				ASSETCATALOG_COMPILER_GLOBAL_ACCENT_COLOR_NAME = AccentColor;
				CODE_SIGN_STYLE = Automatic;
				CURRENT_PROJECT_VERSION = 1;
				GENERATE_INFOPLIST_FILE = YES;
				INFOPLIST_FILE = Bankey/Files/Info.plist;
				INFOPLIST_KEY_UIApplicationSupportsIndirectInputEvents = YES;
				INFOPLIST_KEY_UILaunchStoryboardName = LaunchScreen;
				INFOPLIST_KEY_UISupportedInterfaceOrientations_iPad = "UIInterfaceOrientationPortrait UIInterfaceOrientationPortraitUpsideDown UIInterfaceOrientationLandscapeLeft UIInterfaceOrientationLandscapeRight";
				INFOPLIST_KEY_UISupportedInterfaceOrientations_iPhone = "UIInterfaceOrientationPortrait UIInterfaceOrientationLandscapeLeft UIInterfaceOrientationLandscapeRight";
				LD_RUNPATH_SEARCH_PATHS = (
					"$(inherited)",
					"@executable_path/Frameworks",
				);
				MARKETING_VERSION = 1.0;
				PRODUCT_BUNDLE_IDENTIFIER = com.SiemensEnergy.Bankey;
				PRODUCT_NAME = "$(TARGET_NAME)";
				SWIFT_EMIT_LOC_STRINGS = YES;
				SWIFT_VERSION = 5.0;
				TARGETED_DEVICE_FAMILY = "1,2";
			};
			name = Release;
		};
/* End XCBuildConfiguration section */

/* Begin XCConfigurationList section */
		DB5B15CC2C9223C800E5347A /* Build configuration list for PBXProject "Bankey" */ = {
			isa = XCConfigurationList;
			buildConfigurations = (
				DB5B15E32C9223CA00E5347A /* Debug */,
				DB5B15E42C9223CA00E5347A /* Release */,
			);
			defaultConfigurationIsVisible = 0;
			defaultConfigurationName = Release;
		};
		DB5B15E52C9223CA00E5347A /* Build configuration list for PBXNativeTarget "Bankey" */ = {
			isa = XCConfigurationList;
			buildConfigurations = (
				DB5B15E62C9223CA00E5347A /* Debug */,
				DB5B15E72C9223CA00E5347A /* Release */,
			);
			defaultConfigurationIsVisible = 0;
			defaultConfigurationName = Release;
		};
/* End XCConfigurationList section */
	};
	rootObject = DB5B15C92C9223C800E5347A /* Project object */;
}
